
Microsoft Visual Studio Solution File, Format Version 12.00
# Visual Studio Version 17
VisualStudioVersion = 17.8.34322.80
MinimumVisualStudioVersion = 10.0.40219.1
Project("{D2ABAB84-BF74-430A-B69E-9DC6D40DDA17}") = "LDS_PROJECT_group4_Incerti648318-Artesi666198", "2023-Incerti648318-Artesi666198-LDS_PROJECT_group4\LDS_PROJECT_group4_Incerti648318-Artesi666198.dwproj", "{6A120FF8-8A2D-40E4-8173-F9534DCB45B5}"
EndProject
Global
	GlobalSection(SolutionConfigurationPlatforms) = preSolution
		Development|Default = Development|Default
	EndGlobalSection
	GlobalSection(ProjectConfigurationPlatforms) = postSolution
		{6A120FF8-8A2D-40E4-8173-F9534DCB45B5}.Development|Default.ActiveCfg = Development
		{6A120FF8-8A2D-40E4-8173-F9534DCB45B5}.Development|Default.Build.0 = Development
		{6A120FF8-8A2D-40E4-8173-F9534DCB45B5}.Development|Default.Deploy.0 = Development
	EndGlobalSection
	GlobalSection(SolutionProperties) = preSolution
		HideSolutionNode = FALSE
	EndGlobalSection
	GlobalSection(ExtensibilityGlobals) = postSolution
		SolutionGuid = {A6673F30-09EC-4800-A485-35FD115817D4}
	EndGlobalSection
EndGlobal
